// !$*UTF8*$!
{
	archiveVersion = 1;
	classes = {
	};
	objectVersion = 56;
	objects = {

/* Begin PBXBuildFile section */
		6D7539B929E7939C00B1756D /* AppDelegate.swift in Sources */ = {isa = PBXBuildFile; fileRef = 6D7539B829E7939C00B1756D /* AppDelegate.swift */; };
		6D7539BB29E7939C00B1756D /* SceneDelegate.swift in Sources */ = {isa = PBXBuildFile; fileRef = 6D7539BA29E7939C00B1756D /* SceneDelegate.swift */; };
		6D7539BD29E7939C00B1756D /* ViewController.swift in Sources */ = {isa = PBXBuildFile; fileRef = 6D7539BC29E7939C00B1756D /* ViewController.swift */; };
		6D7539C029E7939C00B1756D /* Main.storyboard in Resources */ = {isa = PBXBuildFile; fileRef = 6D7539BE29E7939C00B1756D /* Main.storyboard */; };
		6D7539C329E7939C00B1756D /* WebView.xcdatamodeld in Sources */ = {isa = PBXBuildFile; fileRef = 6D7539C129E7939C00B1756D /* WebView.xcdatamodeld */; };
		6D7539C529E7939D00B1756D /* Assets.xcassets in Resources */ = {isa = PBXBuildFile; fileRef = 6D7539C429E7939D00B1756D /* Assets.xcassets */; };
		6D7539C829E7939D00B1756D /* LaunchScreen.storyboard in Resources */ = {isa = PBXBuildFile; fileRef = 6D7539C629E7939D00B1756D /* LaunchScreen.storyboard */; };
		6D7539D329E7939D00B1756D /* WebViewTests.swift in Sources */ = {isa = PBXBuildFile; fileRef = 6D7539D229E7939D00B1756D /* WebViewTests.swift */; };
		6D7539DD29E7939E00B1756D /* WebViewUITests.swift in Sources */ = {isa = PBXBuildFile; fileRef = 6D7539DC29E7939E00B1756D /* WebViewUITests.swift */; };
		6D7539DF29E7939E00B1756D /* WebViewUITestsLaunchTests.swift in Sources */ = {isa = PBXBuildFile; fileRef = 6D7539DE29E7939E00B1756D /* WebViewUITestsLaunchTests.swift */; };
/* End PBXBuildFile section */

/* Begin PBXContainerItemProxy section */
		6D7539CF29E7939D00B1756D /* PBXContainerItemProxy */ = {
			isa = PBXContainerItemProxy;
			containerPortal = 6D7539AD29E7939C00B1756D /* Project object */;
			proxyType = 1;
			remoteGlobalIDString = 6D7539B429E7939C00B1756D;
			remoteInfo = WebView;
		};
		6D7539D929E7939E00B1756D /* PBXContainerItemProxy */ = {
			isa = PBXContainerItemProxy;
			containerPortal = 6D7539AD29E7939C00B1756D /* Project object */;
			proxyType = 1;
			remoteGlobalIDString = 6D7539B429E7939C00B1756D;
			remoteInfo = WebView;
		};
/* End PBXContainerItemProxy section */

/* Begin PBXFileReference section */
		6D7539B529E7939C00B1756D /* WebView.app */ = {isa = PBXFileReference; explicitFileType = wrapper.application; includeInIndex = 0; path = WebView.app; sourceTree = BUILT_PRODUCTS_DIR; };
		6D7539B829E7939C00B1756D /* AppDelegate.swift */ = {isa = PBXFileReference; lastKnownFileType = sourcecode.swift; path = AppDelegate.swift; sourceTree = "<group>"; };
		6D7539BA29E7939C00B1756D /* SceneDelegate.swift */ = {isa = PBXFileReference; lastKnownFileType = sourcecode.swift; path = SceneDelegate.swift; sourceTree = "<group>"; };
		6D7539BC29E7939C00B1756D /* ViewController.swift */ = {isa = PBXFileReference; lastKnownFileType = sourcecode.swift; path = ViewController.swift; sourceTree = "<group>"; };
		6D7539BF29E7939C00B1756D /* Base */ = {isa = PBXFileReference; lastKnownFileType = file.storyboard; name = Base; path = Base.lproj/Main.storyboard; sourceTree = "<group>"; };
		6D7539C229E7939C00B1756D /* WebView.xcdatamodel */ = {isa = PBXFileReference; lastKnownFileType = wrapper.xcdatamodel; path = WebView.xcdatamodel; sourceTree = "<group>"; };
		6D7539C429E7939D00B1756D /* Assets.xcassets */ = {isa = PBXFileReference; lastKnownFileType = folder.assetcatalog; path = Assets.xcassets; sourceTree = "<group>"; };
		6D7539C729E7939D00B1756D /* Base */ = {isa = PBXFileReference; lastKnownFileType = file.storyboard; name = Base; path = Base.lproj/LaunchScreen.storyboard; sourceTree = "<group>"; };
		6D7539C929E7939D00B1756D /* Info.plist */ = {isa = PBXFileReference; lastKnownFileType = text.plist.xml; path = Info.plist; sourceTree = "<group>"; };
		6D7539CE29E7939D00B1756D /* WebViewTests.xctest */ = {isa = PBXFileReference; explicitFileType = wrapper.cfbundle; includeInIndex = 0; path = WebViewTests.xctest; sourceTree = BUILT_PRODUCTS_DIR; };
		6D7539D229E7939D00B1756D /* WebViewTests.swift */ = {isa = PBXFileReference; lastKnownFileType = sourcecode.swift; path = WebViewTests.swift; sourceTree = "<group>"; };
		6D7539D829E7939E00B1756D /* WebViewUITests.xctest */ = {isa = PBXFileReference; explicitFileType = wrapper.cfbundle; includeInIndex = 0; path = WebViewUITests.xctest; sourceTree = BUILT_PRODUCTS_DIR; };
		6D7539DC29E7939E00B1756D /* WebViewUITests.swift */ = {isa = PBXFileReference; lastKnownFileType = sourcecode.swift; path = WebViewUITests.swift; sourceTree = "<group>"; };
		6D7539DE29E7939E00B1756D /* WebViewUITestsLaunchTests.swift */ = {isa = PBXFileReference; lastKnownFileType = sourcecode.swift; path = WebViewUITestsLaunchTests.swift; sourceTree = "<group>"; };
/* End PBXFileReference section */

/* Begin PBXFrameworksBuildPhase section */
		6D7539B229E7939C00B1756D /* Frameworks */ = {
			isa = PBXFrameworksBuildPhase;
			buildActionMask = 2147483647;
			files = (
			);
			runOnlyForDeploymentPostprocessing = 0;
		};
		6D7539CB29E7939D00B1756D /* Frameworks */ = {
			isa = PBXFrameworksBuildPhase;
			buildActionMask = 2147483647;
			files = (
			);
			runOnlyForDeploymentPostprocessing = 0;
		};
		6D7539D529E7939E00B1756D /* Frameworks */ = {
			isa = PBXFrameworksBuildPhase;
			buildActionMask = 2147483647;
			files = (
			);
			runOnlyForDeploymentPostprocessing = 0;
		};
/* End PBXFrameworksBuildPhase section */

/* Begin PBXGroup section */
		6D7539AC29E7939C00B1756D = {
			isa = PBXGroup;
			children = (
				6D7539B729E7939C00B1756D /* WebView */,
				6D7539D129E7939D00B1756D /* WebViewTests */,
				6D7539DB29E7939E00B1756D /* WebViewUITests */,
				6D7539B629E7939C00B1756D /* Products */,
			);
			sourceTree = "<group>";
		};
		6D7539B629E7939C00B1756D /* Products */ = {
			isa = PBXGroup;
			children = (
				6D7539B529E7939C00B1756D /* WebView.app */,
				6D7539CE29E7939D00B1756D /* WebViewTests.xctest */,
				6D7539D829E7939E00B1756D /* WebViewUITests.xctest */,
			);
			name = Products;
			sourceTree = "<group>";
		};
		6D7539B729E7939C00B1756D /* WebView */ = {
			isa = PBXGroup;
			children = (
				6D7539B829E7939C00B1756D /* AppDelegate.swift */,
				6D7539BA29E7939C00B1756D /* SceneDelegate.swift */,
				6D7539BC29E7939C00B1756D /* ViewController.swift */,
				6D7539BE29E7939C00B1756D /* Main.storyboard */,
				6D7539C429E7939D00B1756D /* Assets.xcassets */,
				6D7539C629E7939D00B1756D /* LaunchScreen.storyboard */,
				6D7539C929E7939D00B1756D /* Info.plist */,
				6D7539C129E7939C00B1756D /* WebView.xcdatamodeld */,
			);
			path = WebView;
			sourceTree = "<group>";
		};
		6D7539D129E7939D00B1756D /* WebViewTests */ = {
			isa = PBXGroup;
			children = (
				6D7539D229E7939D00B1756D /* WebViewTests.swift */,
			);
			path = WebViewTests;
			sourceTree = "<group>";
		};
		6D7539DB29E7939E00B1756D /* WebViewUITests */ = {
			isa = PBXGroup;
			children = (
				6D7539DC29E7939E00B1756D /* WebViewUITests.swift */,
				6D7539DE29E7939E00B1756D /* WebViewUITestsLaunchTests.swift */,
			);
			path = WebViewUITests;
			sourceTree = "<group>";
		};
/* End PBXGroup section */

/* Begin PBXNativeTarget section */
		6D7539B429E7939C00B1756D /* WebView */ = {
			isa = PBXNativeTarget;
			buildConfigurationList = 6D7539E229E7939E00B1756D /* Build configuration list for PBXNativeTarget "WebView" */;
			buildPhases = (
				6D7539B129E7939C00B1756D /* Sources */,
				6D7539B229E7939C00B1756D /* Frameworks */,
				6D7539B329E7939C00B1756D /* Resources */,
			);
			buildRules = (
			);
			dependencies = (
			);
			name = WebView;
			productName = WebView;
			productReference = 6D7539B529E7939C00B1756D /* WebView.app */;
			productType = "com.apple.product-type.application";
		};
		6D7539CD29E7939D00B1756D /* WebViewTests */ = {
			isa = PBXNativeTarget;
			buildConfigurationList = 6D7539E529E7939E00B1756D /* Build configuration list for PBXNativeTarget "WebViewTests" */;
			buildPhases = (
				6D7539CA29E7939D00B1756D /* Sources */,
				6D7539CB29E7939D00B1756D /* Frameworks */,
				6D7539CC29E7939D00B1756D /* Resources */,
			);
			buildRules = (
			);
			dependencies = (
				6D7539D029E7939D00B1756D /* PBXTargetDependency */,
			);
			name = WebViewTests;
			productName = WebViewTests;
			productReference = 6D7539CE29E7939D00B1756D /* WebViewTests.xctest */;
			productType = "com.apple.product-type.bundle.unit-test";
		};
		6D7539D729E7939E00B1756D /* WebViewUITests */ = {
			isa = PBXNativeTarget;
			buildConfigurationList = 6D7539E829E7939E00B1756D /* Build configuration list for PBXNativeTarget "WebViewUITests" */;
			buildPhases = (
				6D7539D429E7939E00B1756D /* Sources */,
				6D7539D529E7939E00B1756D /* Frameworks */,
				6D7539D629E7939E00B1756D /* Resources */,
			);
			buildRules = (
			);
			dependencies = (
				6D7539DA29E7939E00B1756D /* PBXTargetDependency */,
			);
			name = WebViewUITests;
			productName = WebViewUITests;
			productReference = 6D7539D829E7939E00B1756D /* WebViewUITests.xctest */;
			productType = "com.apple.product-type.bundle.ui-testing";
		};
/* End PBXNativeTarget section */

/* Begin PBXProject section */
		6D7539AD29E7939C00B1756D /* Project object */ = {
			isa = PBXProject;
			attributes = {
				BuildIndependentTargetsInParallel = 1;
				LastSwiftUpdateCheck = 1420;
				LastUpgradeCheck = 1420;
				TargetAttributes = {
					6D7539B429E7939C00B1756D = {
						CreatedOnToolsVersion = 14.2;
					};
					6D7539CD29E7939D00B1756D = {
						CreatedOnToolsVersion = 14.2;
						TestTargetID = 6D7539B429E7939C00B1756D;
					};
					6D7539D729E7939E00B1756D = {
						CreatedOnToolsVersion = 14.2;
						TestTargetID = 6D7539B429E7939C00B1756D;
					};
				};
			};
			buildConfigurationList = 6D7539B029E7939C00B1756D /* Build configuration list for PBXProject "WebView" */;
			compatibilityVersion = "Xcode 14.0";
			developmentRegion = en;
			hasScannedForEncodings = 0;
			knownRegions = (
				en,
				Base,
			);
			mainGroup = 6D7539AC29E7939C00B1756D;
			productRefGroup = 6D7539B629E7939C00B1756D /* Products */;
			projectDirPath = "";
			projectRoot = "";
			targets = (
				6D7539B429E7939C00B1756D /* WebView */,
				6D7539CD29E7939D00B1756D /* WebViewTests */,
				6D7539D729E7939E00B1756D /* WebViewUITests */,
			);
		};
/* End PBXProject section */

/* Begin PBXResourcesBuildPhase section */
		6D7539B329E7939C00B1756D /* Resources */ = {
			isa = PBXResourcesBuildPhase;
			buildActionMask = 2147483647;
			files = (
				6D7539C829E7939D00B1756D /* LaunchScreen.storyboard in Resources */,
				6D7539C529E7939D00B1756D /* Assets.xcassets in Resources */,
				6D7539C029E7939C00B1756D /* Main.storyboard in Resources */,
			);
			runOnlyForDeploymentPostprocessing = 0;
		};
		6D7539CC29E7939D00B1756D /* Resources */ = {
			isa = PBXResourcesBuildPhase;
			buildActionMask = 2147483647;
			files = (
			);
			runOnlyForDeploymentPostprocessing = 0;
		};
		6D7539D629E7939E00B1756D /* Resources */ = {
			isa = PBXResourcesBuildPhase;
			buildActionMask = 2147483647;
			files = (
			);
			runOnlyForDeploymentPostprocessing = 0;
		};
/* End PBXResourcesBuildPhase section */

/* Begin PBXSourcesBuildPhase section */
		6D7539B129E7939C00B1756D /* Sources */ = {
			isa = PBXSourcesBuildPhase;
			buildActionMask = 2147483647;
			files = (
				6D7539BD29E7939C00B1756D /* ViewController.swift in Sources */,
				6D7539C329E7939C00B1756D /* WebView.xcdatamodeld in Sources */,
				6D7539B929E7939C00B1756D /* AppDelegate.swift in Sources */,
				6D7539BB29E7939C00B1756D /* SceneDelegate.swift in Sources */,
			);
			runOnlyForDeploymentPostprocessing = 0;
		};
		6D7539CA29E7939D00B1756D /* Sources */ = {
			isa = PBXSourcesBuildPhase;
			buildActionMask = 2147483647;
			files = (
				6D7539D329E7939D00B1756D /* WebViewTests.swift in Sources */,
			);
			runOnlyForDeploymentPostprocessing = 0;
		};
		6D7539D429E7939E00B1756D /* Sources */ = {
			isa = PBXSourcesBuildPhase;
			buildActionMask = 2147483647;
			files = (
				6D7539DF29E7939E00B1756D /* WebViewUITestsLaunchTests.swift in Sources */,
				6D7539DD29E7939E00B1756D /* WebViewUITests.swift in Sources */,
			);
			runOnlyForDeploymentPostprocessing = 0;
		};
/* End PBXSourcesBuildPhase section */

/* Begin PBXTargetDependency section */
		6D7539D029E7939D00B1756D /* PBXTargetDependency */ = {
			isa = PBXTargetDependency;
			target = 6D7539B429E7939C00B1756D /* WebView */;
			targetProxy = 6D7539CF29E7939D00B1756D /* PBXContainerItemProxy */;
		};
		6D7539DA29E7939E00B1756D /* PBXTargetDependency */ = {
			isa = PBXTargetDependency;
			target = 6D7539B429E7939C00B1756D /* WebView */;
			targetProxy = 6D7539D929E7939E00B1756D /* PBXContainerItemProxy */;
		};
/* End PBXTargetDependency section */

/* Begin PBXVariantGroup section */
		6D7539BE29E7939C00B1756D /* Main.storyboard */ = {
			isa = PBXVariantGroup;
			children = (
				6D7539BF29E7939C00B1756D /* Base */,
			);
			name = Main.storyboard;
			sourceTree = "<group>";
		};
		6D7539C629E7939D00B1756D /* LaunchScreen.storyboard */ = {
			isa = PBXVariantGroup;
			children = (
				6D7539C729E7939D00B1756D /* Base */,
			);
			name = LaunchScreen.storyboard;
			sourceTree = "<group>";
		};
/* End PBXVariantGroup section */

/* Begin XCBuildConfiguration section */
		6D7539E029E7939E00B1756D /* Debug */ = {
			isa = XCBuildConfiguration;
			buildSettings = {
				ALWAYS_SEARCH_USER_PATHS = NO;
				CLANG_ANALYZER_NONNULL = YES;
				CLANG_ANALYZER_NUMBER_OBJECT_CONVERSION = YES_AGGRESSIVE;
				CLANG_CXX_LANGUAGE_STANDARD = "gnu++20";
				CLANG_ENABLE_MODULES = YES;
				CLANG_ENABLE_OBJC_ARC = YES;
				CLANG_ENABLE_OBJC_WEAK = YES;
				CLANG_WARN_BLOCK_CAPTURE_AUTORELEASING = YES;
				CLANG_WARN_BOOL_CONVERSION = YES;
				CLANG_WARN_COMMA = YES;
				CLANG_WARN_CONSTANT_CONVERSION = YES;
				CLANG_WARN_DEPRECATED_OBJC_IMPLEMENTATIONS = YES;
				CLANG_WARN_DIRECT_OBJC_ISA_USAGE = YES_ERROR;
				CLANG_WARN_DOCUMENTATION_COMMENTS = YES;
				CLANG_WARN_EMPTY_BODY = YES;
				CLANG_WARN_ENUM_CONVERSION = YES;
				CLANG_WARN_INFINITE_RECURSION = YES;
				CLANG_WARN_INT_CONVERSION = YES;
				CLANG_WARN_NON_LITERAL_NULL_CONVERSION = YES;
				CLANG_WARN_OBJC_IMPLICIT_RETAIN_SELF = YES;
				CLANG_WARN_OBJC_LITERAL_CONVERSION = YES;
				CLANG_WARN_OBJC_ROOT_CLASS = YES_ERROR;
				CLANG_WARN_QUOTED_INCLUDE_IN_FRAMEWORK_HEADER = YES;
				CLANG_WARN_RANGE_LOOP_ANALYSIS = YES;
				CLANG_WARN_STRICT_PROTOTYPES = YES;
				CLANG_WARN_SUSPICIOUS_MOVE = YES;
				CLANG_WARN_UNGUARDED_AVAILABILITY = YES_AGGRESSIVE;
				CLANG_WARN_UNREACHABLE_CODE = YES;
				CLANG_WARN__DUPLICATE_METHOD_MATCH = YES;
				COPY_PHASE_STRIP = NO;
				DEBUG_INFORMATION_FORMAT = dwarf;
				ENABLE_STRICT_OBJC_MSGSEND = YES;
				ENABLE_TESTABILITY = YES;
				GCC_C_LANGUAGE_STANDARD = gnu11;
				GCC_DYNAMIC_NO_PIC = NO;
				GCC_NO_COMMON_BLOCKS = YES;
				GCC_OPTIMIZATION_LEVEL = 0;
				GCC_PREPROCESSOR_DEFINITIONS = (
					"DEBUG=1",
					"$(inherited)",
				);
				GCC_WARN_64_TO_32_BIT_CONVERSION = YES;
				GCC_WARN_ABOUT_RETURN_TYPE = YES_ERROR;
				GCC_WARN_UNDECLARED_SELECTOR = YES;
				GCC_WARN_UNINITIALIZED_AUTOS = YES_AGGRESSIVE;
				GCC_WARN_UNUSED_FUNCTION = YES;
				GCC_WARN_UNUSED_VARIABLE = YES;
				IPHONEOS_DEPLOYMENT_TARGET = 16.2;
				MTL_ENABLE_DEBUG_INFO = INCLUDE_SOURCE;
				MTL_FAST_MATH = YES;
				ONLY_ACTIVE_ARCH = YES;
				SDKROOT = iphoneos;
				SWIFT_ACTIVE_COMPILATION_CONDITIONS = DEBUG;
				SWIFT_OPTIMIZATION_LEVEL = "-Onone";
			};
			name = Debug;
		};
		6D7539E129E7939E00B1756D /* Release */ = {
			isa = XCBuildConfiguration;
			buildSettings = {
				ALWAYS_SEARCH_USER_PATHS = NO;
				CLANG_ANALYZER_NONNULL = YES;
				CLANG_ANALYZER_NUMBER_OBJECT_CONVERSION = YES_AGGRESSIVE;
				CLANG_CXX_LANGUAGE_STANDARD = "gnu++20";
				CLANG_ENABLE_MODULES = YES;
				CLANG_ENABLE_OBJC_ARC = YES;
				CLANG_ENABLE_OBJC_WEAK = YES;
				CLANG_WARN_BLOCK_CAPTURE_AUTORELEASING = YES;
				CLANG_WARN_BOOL_CONVERSION = YES;
				CLANG_WARN_COMMA = YES;
				CLANG_WARN_CONSTANT_CONVERSION = YES;
				CLANG_WARN_DEPRECATED_OBJC_IMPLEMENTATIONS = YES;
				CLANG_WARN_DIRECT_OBJC_ISA_USAGE = YES_ERROR;
				CLANG_WARN_DOCUMENTATION_COMMENTS = YES;
				CLANG_WARN_EMPTY_BODY = YES;
				CLANG_WARN_ENUM_CONVERSION = YES;
				CLANG_WARN_INFINITE_RECURSION = YES;
				CLANG_WARN_INT_CONVERSION = YES;
				CLANG_WARN_NON_LITERAL_NULL_CONVERSION = YES;
				CLANG_WARN_OBJC_IMPLICIT_RETAIN_SELF = YES;
				CLANG_WARN_OBJC_LITERAL_CONVERSION = YES;
				CLANG_WARN_OBJC_ROOT_CLASS = YES_ERROR;
				CLANG_WARN_QUOTED_INCLUDE_IN_FRAMEWORK_HEADER = YES;
				CLANG_WARN_RANGE_LOOP_ANALYSIS = YES;
				CLANG_WARN_STRICT_PROTOTYPES = YES;
				CLANG_WARN_SUSPICIOUS_MOVE = YES;
				CLANG_WARN_UNGUARDED_AVAILABILITY = YES_AGGRESSIVE;
				CLANG_WARN_UNREACHABLE_CODE = YES;
				CLANG_WARN__DUPLICATE_METHOD_MATCH = YES;
				COPY_PHASE_STRIP = NO;
				DEBUG_INFORMATION_FORMAT = "dwarf-with-dsym";
				ENABLE_NS_ASSERTIONS = NO;
				ENABLE_STRICT_OBJC_MSGSEND = YES;
				GCC_C_LANGUAGE_STANDARD = gnu11;
				GCC_NO_COMMON_BLOCKS = YES;
				GCC_WARN_64_TO_32_BIT_CONVERSION = YES;
				GCC_WARN_ABOUT_RETURN_TYPE = YES_ERROR;
				GCC_WARN_UNDECLARED_SELECTOR = YES;
				GCC_WARN_UNINITIALIZED_AUTOS = YES_AGGRESSIVE;
				GCC_WARN_UNUSED_FUNCTION = YES;
				GCC_WARN_UNUSED_VARIABLE = YES;
				IPHONEOS_DEPLOYMENT_TARGET = 16.2;
				MTL_ENABLE_DEBUG_INFO = NO;
				MTL_FAST_MATH = YES;
				SDKROOT = iphoneos;
				SWIFT_COMPILATION_MODE = wholemodule;
				SWIFT_OPTIMIZATION_LEVEL = "-O";
				VALIDATE_PRODUCT = YES;
			};
			name = Release;
		};
		6D7539E329E7939E00B1756D /* Debug */ = {
			isa = XCBuildConfiguration;
			buildSettings = {
				ASSETCATALOG_COMPILER_APPICON_NAME = AppIcon;
				ASSETCATALOG_COMPILER_GLOBAL_ACCENT_COLOR_NAME = AccentColor;
				CODE_SIGN_STYLE = Automatic;
				CURRENT_PROJECT_VERSION = 1;
				GENERATE_INFOPLIST_FILE = YES;
				INFOPLIST_FILE = WebView/Info.plist;
				INFOPLIST_KEY_UIApplicationSupportsIndirectInputEvents = YES;
				INFOPLIST_KEY_UILaunchStoryboardName = LaunchScreen;
				INFOPLIST_KEY_UIMainStoryboardFile = Main;
				INFOPLIST_KEY_UISupportedInterfaceOrientations_iPad = "UIInterfaceOrientationPortrait UIInterfaceOrientationPortraitUpsideDown UIInterfaceOrientationLandscapeLeft UIInterfaceOrientationLandscapeRight";
				INFOPLIST_KEY_UISupportedInterfaceOrientations_iPhone = "UIInterfaceOrientationPortrait UIInterfaceOrientationLandscapeLeft UIInterfaceOrientationLandscapeRight";
				LD_RUNPATH_SEARCH_PATHS = (
					"$(inherited)",
					"@executable_path/Frameworks",
				);
				MARKETING_VERSION = 1.0;
				PRODUCT_BUNDLE_IDENTIFIER = kr.ac.cu.WebView;
				PRODUCT_NAME = "$(TARGET_NAME)";
				SWIFT_EMIT_LOC_STRINGS = YES;
				SWIFT_VERSION = 5.0;
				TARGETED_DEVICE_FAMILY = "1,2";
			};
			name = Debug;
		};
		6D7539E429E7939E00B1756D /* Release */ = {
			isa = XCBuildConfiguration;
			buildSettings = {
				ASSETCATALOG_COMPILER_APPICON_NAME = AppIcon;
				ASSETCATALOG_COMPILER_GLOBAL_ACCENT_COLOR_NAME = AccentColor;
				CODE_SIGN_STYLE = Automatic;
				CURRENT_PROJECT_VERSION = 1;
				GENERATE_INFOPLIST_FILE = YES;
				INFOPLIST_FILE = WebView/Info.plist;
				INFOPLIST_KEY_UIApplicationSupportsIndirectInputEvents = YES;
				INFOPLIST_KEY_UILaunchStoryboardName = LaunchScreen;
				INFOPLIST_KEY_UIMainStoryboardFile = Main;
				INFOPLIST_KEY_UISupportedInterfaceOrientations_iPad = "UIInterfaceOrientationPortrait UIInterfaceOrientationPortraitUpsideDown UIInterfaceOrientationLandscapeLeft UIInterfaceOrientationLandscapeRight";
				INFOPLIST_KEY_UISupportedInterfaceOrientations_iPhone = "UIInterfaceOrientationPortrait UIInterfaceOrientationLandscapeLeft UIInterfaceOrientationLandscapeRight";
				LD_RUNPATH_SEARCH_PATHS = (
					"$(inherited)",
					"@executable_path/Frameworks",
				);
				MARKETING_VERSION = 1.0;
				PRODUCT_BUNDLE_IDENTIFIER = kr.ac.cu.WebView;
				PRODUCT_NAME = "$(TARGET_NAME)";
				SWIFT_EMIT_LOC_STRINGS = YES;
				SWIFT_VERSION = 5.0;
				TARGETED_DEVICE_FAMILY = "1,2";
			};
			name = Release;
		};
		6D7539E629E7939E00B1756D /* Debug */ = {
			isa = XCBuildConfiguration;
			buildSettings = {
				ALWAYS_EMBED_SWIFT_STANDARD_LIBRARIES = YES;
				BUNDLE_LOADER = "$(TEST_HOST)";
				CODE_SIGN_STYLE = Automatic;
				CURRENT_PROJECT_VERSION = 1;
				GENERATE_INFOPLIST_FILE = YES;
				IPHONEOS_DEPLOYMENT_TARGET = 16.2;
				MARKETING_VERSION = 1.0;
				PRODUCT_BUNDLE_IDENTIFIER = kr.ac.cu.WebViewTests;
				PRODUCT_NAME = "$(TARGET_NAME)";
				SWIFT_EMIT_LOC_STRINGS = NO;
				SWIFT_VERSION = 5.0;
				TARGETED_DEVICE_FAMILY = "1,2";
				TEST_HOST = "$(BUILT_PRODUCTS_DIR)/WebView.app/$(BUNDLE_EXECUTABLE_FOLDER_PATH)/WebView";
			};
			name = Debug;
		};
		6D7539E729E7939E00B1756D /* Release */ = {
			isa = XCBuildConfiguration;
			buildSettings = {
				ALWAYS_EMBED_SWIFT_STANDARD_LIBRARIES = YES;
				BUNDLE_LOADER = "$(TEST_HOST)";
				CODE_SIGN_STYLE = Automatic;
				CURRENT_PROJECT_VERSION = 1;
				GENERATE_INFOPLIST_FILE = YES;
				IPHONEOS_DEPLOYMENT_TARGET = 16.2;
				MARKETING_VERSION = 1.0;
				PRODUCT_BUNDLE_IDENTIFIER = kr.ac.cu.WebViewTests;
				PRODUCT_NAME = "$(TARGET_NAME)";
				SWIFT_EMIT_LOC_STRINGS = NO;
				SWIFT_VERSION = 5.0;
				TARGETED_DEVICE_FAMILY = "1,2";
				TEST_HOST = "$(BUILT_PRODUCTS_DIR)/WebView.app/$(BUNDLE_EXECUTABLE_FOLDER_PATH)/WebView";
			};
			name = Release;
		};
		6D7539E929E7939E00B1756D /* Debug */ = {
			isa = XCBuildConfiguration;
			buildSettings = {
				ALWAYS_EMBED_SWIFT_STANDARD_LIBRARIES = YES;
				CODE_SIGN_STYLE = Automatic;
				CURRENT_PROJECT_VERSION = 1;
				GENERATE_INFOPLIST_FILE = YES;
				MARKETING_VERSION = 1.0;
				PRODUCT_BUNDLE_IDENTIFIER = kr.ac.cu.WebViewUITests;
				PRODUCT_NAME = "$(TARGET_NAME)";
				SWIFT_EMIT_LOC_STRINGS = NO;
				SWIFT_VERSION = 5.0;
				TARGETED_DEVICE_FAMILY = "1,2";
				TEST_TARGET_NAME = WebView;
			};
			name = Debug;
		};
		6D7539EA29E7939E00B1756D /* Release */ = {
			isa = XCBuildConfiguration;
			buildSettings = {
				ALWAYS_EMBED_SWIFT_STANDARD_LIBRARIES = YES;
				CODE_SIGN_STYLE = Automatic;
				CURRENT_PROJECT_VERSION = 1;
				GENERATE_INFOPLIST_FILE = YES;
				MARKETING_VERSION = 1.0;
				PRODUCT_BUNDLE_IDENTIFIER = kr.ac.cu.WebViewUITests;
				PRODUCT_NAME = "$(TARGET_NAME)";
				SWIFT_EMIT_LOC_STRINGS = NO;
				SWIFT_VERSION = 5.0;
				TARGETED_DEVICE_FAMILY = "1,2";
				TEST_TARGET_NAME = WebView;
			};
			name = Release;
		};
/* End XCBuildConfiguration section */

/* Begin XCConfigurationList section */
		6D7539B029E7939C00B1756D /* Build configuration list for PBXProject "WebView" */ = {
			isa = XCConfigurationList;
			buildConfigurations = (
				6D7539E029E7939E00B1756D /* Debug */,
				6D7539E129E7939E00B1756D /* Release */,
			);
			defaultConfigurationIsVisible = 0;
			defaultConfigurationName = Release;
		};
		6D7539E229E7939E00B1756D /* Build configuration list for PBXNativeTarget "WebView" */ = {
			isa = XCConfigurationList;
			buildConfigurations = (
				6D7539E329E7939E00B1756D /* Debug */,
				6D7539E429E7939E00B1756D /* Release */,
			);
			defaultConfigurationIsVisible = 0;
			defaultConfigurationName = Release;
		};
		6D7539E529E7939E00B1756D /* Build configuration list for PBXNativeTarget "WebViewTests" */ = {
			isa = XCConfigurationList;
			buildConfigurations = (
				6D7539E629E7939E00B1756D /* Debug */,
				6D7539E729E7939E00B1756D /* Release */,
			);
			defaultConfigurationIsVisible = 0;
			defaultConfigurationName = Release;
		};
		6D7539E829E7939E00B1756D /* Build configuration list for PBXNativeTarget "WebViewUITests" */ = {
			isa = XCConfigurationList;
			buildConfigurations = (
				6D7539E929E7939E00B1756D /* Debug */,
				6D7539EA29E7939E00B1756D /* Release */,
			);
			defaultConfigurationIsVisible = 0;
			defaultConfigurationName = Release;
		};
/* End XCConfigurationList section */

/* Begin XCVersionGroup section */
		6D7539C129E7939C00B1756D /* WebView.xcdatamodeld */ = {
			isa = XCVersionGroup;
			children = (
				6D7539C229E7939C00B1756D /* WebView.xcdatamodel */,
			);
			currentVersion = 6D7539C229E7939C00B1756D /* WebView.xcdatamodel */;
			path = WebView.xcdatamodeld;
			sourceTree = "<group>";
			versionGroupType = wrapper.xcdatamodel;
		};
/* End XCVersionGroup section */
	};
	rootObject = 6D7539AD29E7939C00B1756D /* Project object */;
}
